
Microsoft Visual Studio Solution File, Format Version 12.00
# Visual Studio 15
VisualStudioVersion = 15.0.28307.271
MinimumVisualStudioVersion = 10.0.40219.1
Project("{9A19103F-16F7-4668-BE54-9A1E7A4F7556}") = "UiaClient", "UiaClient\UiaClient.csproj", "{444F97B2-DCA8-4136-BBD7-C6A821C5C8C7}"
EndProject
Project("{9A19103F-16F7-4668-BE54-9A1E7A4F7556}") = "WebDriver", "webdriver\WebDriver.csproj", "{7B04950C-23FD-4BFB-89BE-2CE046CEA8A5}"
EndProject
Project("{9A19103F-16F7-4668-BE54-9A1E7A4F7556}") = "UiaWebDriver", "UiaWebDriver\UiaWebDriver.csproj", "{E6CC9AD2-978C-4BCA-BA05-B411E4B26096}"
EndProject
Project("{9A19103F-16F7-4668-BE54-9A1E7A4F7556}") = "UiaDriverServer", "UiaDriverServer\UiaDriverServer.csproj", "{8A7C94A4-9D5E-452D-ABC3-3D9D4FF38AA4}"
EndProject
Global
	GlobalSection(SolutionConfigurationPlatforms) = preSolution
		Debug|Any CPU = Debug|Any CPU
		Release|Any CPU = Release|Any CPU
	EndGlobalSection
	GlobalSection(ProjectConfigurationPlatforms) = postSolution
		{444F97B2-DCA8-4136-BBD7-C6A821C5C8C7}.Debug|Any CPU.ActiveCfg = Debug|Any CPU
		{444F97B2-DCA8-4136-BBD7-C6A821C5C8C7}.Debug|Any CPU.Build.0 = Debug|Any CPU
		{444F97B2-DCA8-4136-BBD7-C6A821C5C8C7}.Release|Any CPU.ActiveCfg = Release|Any CPU
		{444F97B2-DCA8-4136-BBD7-C6A821C5C8C7}.Release|Any CPU.Build.0 = Release|Any CPU
		{7B04950C-23FD-4BFB-89BE-2CE046CEA8A5}.Debug|Any CPU.ActiveCfg = Debug|Any CPU
		{7B04950C-23FD-4BFB-89BE-2CE046CEA8A5}.Debug|Any CPU.Build.0 = Debug|Any CPU
		{7B04950C-23FD-4BFB-89BE-2CE046CEA8A5}.Release|Any CPU.ActiveCfg = Release|Any CPU
		{7B04950C-23FD-4BFB-89BE-2CE046CEA8A5}.Release|Any CPU.Build.0 = Release|Any CPU
		{E6CC9AD2-978C-4BCA-BA05-B411E4B26096}.Debug|Any CPU.ActiveCfg = Debug|Any CPU
		{E6CC9AD2-978C-4BCA-BA05-B411E4B26096}.Debug|Any CPU.Build.0 = Debug|Any CPU
		{E6CC9AD2-978C-4BCA-BA05-B411E4B26096}.Release|Any CPU.ActiveCfg = Release|Any CPU
		{E6CC9AD2-978C-4BCA-BA05-B411E4B26096}.Release|Any CPU.Build.0 = Release|Any CPU
		{8A7C94A4-9D5E-452D-ABC3-3D9D4FF38AA4}.Debug|Any CPU.ActiveCfg = Debug|Any CPU
		{8A7C94A4-9D5E-452D-ABC3-3D9D4FF38AA4}.Debug|Any CPU.Build.0 = Debug|Any CPU
		{8A7C94A4-9D5E-452D-ABC3-3D9D4FF38AA4}.Release|Any CPU.ActiveCfg = Release|Any CPU
		{8A7C94A4-9D5E-452D-ABC3-3D9D4FF38AA4}.Release|Any CPU.Build.0 = Release|Any CPU
	EndGlobalSection
	GlobalSection(SolutionProperties) = preSolution
		HideSolutionNode = FALSE
	EndGlobalSection
	GlobalSection(ExtensibilityGlobals) = postSolution
		SolutionGuid = {CD27A09D-7DFB-47D1-91C7-A323EF3C1A1D}
	EndGlobalSection
EndGlobal
